// !$*UTF8*$!
{
	archiveVersion = 1;
	classes = {
	};
	objectVersion = 46;
	objects = {

/* Begin PBXBuildFile section */
		BC23518A1DADD10F0075AB2A /* CoadeShareInit.swift in Sources */ = {isa = PBXBuildFile; fileRef = BC2351891DADD10F0075AB2A /* CoadeShareInit.swift */; };
		BC4AB6141DAF819600F10408 /* CSTableViewController.swift in Sources */ = {isa = PBXBuildFile; fileRef = BC4AB6131DAF819600F10408 /* CSTableViewController.swift */; };
		BC4AB6161DAF867A00F10408 /* CSMyVideoListViewController.swift in Sources */ = {isa = PBXBuildFile; fileRef = BC4AB6151DAF867A00F10408 /* CSMyVideoListViewController.swift */; };
		BC4AB6181DAF876800F10408 /* CSModel.swift in Sources */ = {isa = PBXBuildFile; fileRef = BC4AB6171DAF876800F10408 /* CSModel.swift */; };
		BC4AB61B1DAF8A5B00F10408 /* CSMyVideoCell.swift in Sources */ = {isa = PBXBuildFile; fileRef = BC4AB6191DAF8A5B00F10408 /* CSMyVideoCell.swift */; };
		BC4AB61C1DAF8A5B00F10408 /* CSMyVideoCell.xib in Resources */ = {isa = PBXBuildFile; fileRef = BC4AB61A1DAF8A5B00F10408 /* CSMyVideoCell.xib */; };
		BC5FDAB81DAF20370033CD83 /* CSNetHelp.swift in Sources */ = {isa = PBXBuildFile; fileRef = BC5FDAB71DAF20370033CD83 /* CSNetHelp.swift */; };
		BC5FDAC01DAF3BFF0033CD83 /* CSUserModel.swift in Sources */ = {isa = PBXBuildFile; fileRef = BC5FDABF1DAF3BFF0033CD83 /* CSUserModel.swift */; };
		BC5FDBC41DAF67540033CD83 /* CSHelp.swift in Sources */ = {isa = PBXBuildFile; fileRef = BC5FDBC31DAF67540033CD83 /* CSHelp.swift */; };
		BCC98D991DAC781B00523F55 /* AppDelegate.swift in Sources */ = {isa = PBXBuildFile; fileRef = BCC98D981DAC781B00523F55 /* AppDelegate.swift */; };
		BCC98D9B1DAC781B00523F55 /* ViewController.swift in Sources */ = {isa = PBXBuildFile; fileRef = BCC98D9A1DAC781B00523F55 /* ViewController.swift */; };
		BCC98D9E1DAC781B00523F55 /* Main.storyboard in Resources */ = {isa = PBXBuildFile; fileRef = BCC98D9C1DAC781B00523F55 /* Main.storyboard */; };
		BCC98DA01DAC781B00523F55 /* Assets.xcassets in Resources */ = {isa = PBXBuildFile; fileRef = BCC98D9F1DAC781B00523F55 /* Assets.xcassets */; };
		BCC98DA31DAC781B00523F55 /* LaunchScreen.storyboard in Resources */ = {isa = PBXBuildFile; fileRef = BCC98DA11DAC781B00523F55 /* LaunchScreen.storyboard */; };
		BCC98DAE1DAC79D500523F55 /* CSTabBarController.swift in Sources */ = {isa = PBXBuildFile; fileRef = BCC98DAD1DAC79D500523F55 /* CSTabBarController.swift */; };
		BCC98DB01DAC828B00523F55 /* CSLoginViewController.swift in Sources */ = {isa = PBXBuildFile; fileRef = BCC98DAF1DAC828B00523F55 /* CSLoginViewController.swift */; };
		BCC98DB21DACBEDD00523F55 /* CSRegisterViewController.swift in Sources */ = {isa = PBXBuildFile; fileRef = BCC98DB11DACBEDD00523F55 /* CSRegisterViewController.swift */; };
		F7B8863E0A983FB21D9CA086 /* Pods_CoadeShare.framework in Frameworks */ = {isa = PBXBuildFile; fileRef = BE943BCE3D4FF3DA668378D4 /* Pods_CoadeShare.framework */; };
/* End PBXBuildFile section */

/* Begin PBXFileReference section */
		6CFCAC45B1027ECF3A7B8F11 /* Pods-CoadeShare.release.xcconfig */ = {isa = PBXFileReference; includeInIndex = 1; lastKnownFileType = text.xcconfig; name = "Pods-CoadeShare.release.xcconfig"; path = "Pods/Target Support Files/Pods-CoadeShare/Pods-CoadeShare.release.xcconfig"; sourceTree = "<group>"; };
		BC2351891DADD10F0075AB2A /* CoadeShareInit.swift */ = {isa = PBXFileReference; fileEncoding = 4; lastKnownFileType = sourcecode.swift; path = CoadeShareInit.swift; sourceTree = "<group>"; };
		BC49D7CA1DADDD7E00A5F30A /* CoadeShareHeader.h */ = {isa = PBXFileReference; lastKnownFileType = sourcecode.c.h; path = CoadeShareHeader.h; sourceTree = "<group>"; };
		BC4AB6131DAF819600F10408 /* CSTableViewController.swift */ = {isa = PBXFileReference; fileEncoding = 4; lastKnownFileType = sourcecode.swift; path = CSTableViewController.swift; sourceTree = "<group>"; };
		BC4AB6151DAF867A00F10408 /* CSMyVideoListViewController.swift */ = {isa = PBXFileReference; fileEncoding = 4; lastKnownFileType = sourcecode.swift; path = CSMyVideoListViewController.swift; sourceTree = "<group>"; };
		BC4AB6171DAF876800F10408 /* CSModel.swift */ = {isa = PBXFileReference; fileEncoding = 4; lastKnownFileType = sourcecode.swift; path = CSModel.swift; sourceTree = "<group>"; };
		BC4AB6191DAF8A5B00F10408 /* CSMyVideoCell.swift */ = {isa = PBXFileReference; fileEncoding = 4; lastKnownFileType = sourcecode.swift; path = CSMyVideoCell.swift; sourceTree = "<group>"; };
		BC4AB61A1DAF8A5B00F10408 /* CSMyVideoCell.xib */ = {isa = PBXFileReference; fileEncoding = 4; lastKnownFileType = file.xib; path = CSMyVideoCell.xib; sourceTree = "<group>"; };
		BC5FDAB71DAF20370033CD83 /* CSNetHelp.swift */ = {isa = PBXFileReference; fileEncoding = 4; lastKnownFileType = sourcecode.swift; path = CSNetHelp.swift; sourceTree = "<group>"; };
		BC5FDABF1DAF3BFF0033CD83 /* CSUserModel.swift */ = {isa = PBXFileReference; fileEncoding = 4; lastKnownFileType = sourcecode.swift; path = CSUserModel.swift; sourceTree = "<group>"; };
		BC5FDBC31DAF67540033CD83 /* CSHelp.swift */ = {isa = PBXFileReference; fileEncoding = 4; lastKnownFileType = sourcecode.swift; path = CSHelp.swift; sourceTree = "<group>"; };
		BCC98D951DAC781B00523F55 /* CoadeShare.app */ = {isa = PBXFileReference; explicitFileType = wrapper.application; includeInIndex = 0; path = CoadeShare.app; sourceTree = BUILT_PRODUCTS_DIR; };
		BCC98D981DAC781B00523F55 /* AppDelegate.swift */ = {isa = PBXFileReference; lastKnownFileType = sourcecode.swift; path = AppDelegate.swift; sourceTree = "<group>"; };
		BCC98D9A1DAC781B00523F55 /* ViewController.swift */ = {isa = PBXFileReference; lastKnownFileType = sourcecode.swift; path = ViewController.swift; sourceTree = "<group>"; };
		BCC98D9D1DAC781B00523F55 /* Base */ = {isa = PBXFileReference; lastKnownFileType = file.storyboard; name = Base; path = Base.lproj/Main.storyboard; sourceTree = "<group>"; };
		BCC98D9F1DAC781B00523F55 /* Assets.xcassets */ = {isa = PBXFileReference; lastKnownFileType = folder.assetcatalog; path = Assets.xcassets; sourceTree = "<group>"; };
		BCC98DA21DAC781B00523F55 /* Base */ = {isa = PBXFileReference; lastKnownFileType = file.storyboard; name = Base; path = Base.lproj/LaunchScreen.storyboard; sourceTree = "<group>"; };
		BCC98DA41DAC781B00523F55 /* Info.plist */ = {isa = PBXFileReference; lastKnownFileType = text.plist.xml; path = Info.plist; sourceTree = "<group>"; };
		BCC98DAD1DAC79D500523F55 /* CSTabBarController.swift */ = {isa = PBXFileReference; fileEncoding = 4; lastKnownFileType = sourcecode.swift; path = CSTabBarController.swift; sourceTree = "<group>"; };
		BCC98DAF1DAC828B00523F55 /* CSLoginViewController.swift */ = {isa = PBXFileReference; fileEncoding = 4; lastKnownFileType = sourcecode.swift; path = CSLoginViewController.swift; sourceTree = "<group>"; };
		BCC98DB11DACBEDD00523F55 /* CSRegisterViewController.swift */ = {isa = PBXFileReference; fileEncoding = 4; lastKnownFileType = sourcecode.swift; path = CSRegisterViewController.swift; sourceTree = "<group>"; };
		BE943BCE3D4FF3DA668378D4 /* Pods_CoadeShare.framework */ = {isa = PBXFileReference; explicitFileType = wrapper.framework; includeInIndex = 0; path = Pods_CoadeShare.framework; sourceTree = BUILT_PRODUCTS_DIR; };
		C851C1FA10EDDF93960EFCB0 /* Pods-CoadeShare.debug.xcconfig */ = {isa = PBXFileReference; includeInIndex = 1; lastKnownFileType = text.xcconfig; name = "Pods-CoadeShare.debug.xcconfig"; path = "Pods/Target Support Files/Pods-CoadeShare/Pods-CoadeShare.debug.xcconfig"; sourceTree = "<group>"; };
/* End PBXFileReference section */

/* Begin PBXFrameworksBuildPhase section */
		BCC98D921DAC781B00523F55 /* Frameworks */ = {
			isa = PBXFrameworksBuildPhase;
			buildActionMask = 2147483647;
			files = (
				F7B8863E0A983FB21D9CA086 /* Pods_CoadeShare.framework in Frameworks */,
			);
			runOnlyForDeploymentPostprocessing = 0;
		};
/* End PBXFrameworksBuildPhase section */

/* Begin PBXGroup section */
		100D3F2059B2F3F71A341962 /* Pods */ = {
			isa = PBXGroup;
			children = (
				C851C1FA10EDDF93960EFCB0 /* Pods-CoadeShare.debug.xcconfig */,
				6CFCAC45B1027ECF3A7B8F11 /* Pods-CoadeShare.release.xcconfig */,
			);
			name = Pods;
			sourceTree = "<group>";
		};
		85EB2FA29587068D50042675 /* Frameworks */ = {
			isa = PBXGroup;
			children = (
				BE943BCE3D4FF3DA668378D4 /* Pods_CoadeShare.framework */,
			);
			name = Frameworks;
			sourceTree = "<group>";
		};
		BC5FDAB61DAF20060033CD83 /* Help */ = {
			isa = PBXGroup;
			children = (
				BC5FDAB71DAF20370033CD83 /* CSNetHelp.swift */,
				BC5FDBC31DAF67540033CD83 /* CSHelp.swift */,
			);
			path = Help;
			sourceTree = "<group>";
		};
		BCC98D8C1DAC781B00523F55 = {
			isa = PBXGroup;
			children = (
				BC49D7CA1DADDD7E00A5F30A /* CoadeShareHeader.h */,
				BCC98D971DAC781B00523F55 /* CoadeShare */,
				BCC98D961DAC781B00523F55 /* Products */,
				100D3F2059B2F3F71A341962 /* Pods */,
				85EB2FA29587068D50042675 /* Frameworks */,
			);
			sourceTree = "<group>";
		};
		BCC98D961DAC781B00523F55 /* Products */ = {
			isa = PBXGroup;
			children = (
				BCC98D951DAC781B00523F55 /* CoadeShare.app */,
			);
			name = Products;
			sourceTree = "<group>";
		};
		BCC98D971DAC781B00523F55 /* CoadeShare */ = {
			isa = PBXGroup;
			children = (
				BC5FDAB61DAF20060033CD83 /* Help */,
				BCC98DAB1DAC794500523F55 /* Model */,
				BCC98DAC1DAC794500523F55 /* View */,
				BCC98DAA1DAC794500523F55 /* Controller */,
				BCC98D981DAC781B00523F55 /* AppDelegate.swift */,
				BCC98D9A1DAC781B00523F55 /* ViewController.swift */,
				BCC98D9C1DAC781B00523F55 /* Main.storyboard */,
				BCC98D9F1DAC781B00523F55 /* Assets.xcassets */,
				BCC98DA11DAC781B00523F55 /* LaunchScreen.storyboard */,
				BCC98DA41DAC781B00523F55 /* Info.plist */,
				BC2351891DADD10F0075AB2A /* CoadeShareInit.swift */,
			);
			path = CoadeShare;
			sourceTree = "<group>";
		};
		BCC98DAA1DAC794500523F55 /* Controller */ = {
			isa = PBXGroup;
			children = (
				BCC98DAD1DAC79D500523F55 /* CSTabBarController.swift */,
				BCC98DAF1DAC828B00523F55 /* CSLoginViewController.swift */,
				BCC98DB11DACBEDD00523F55 /* CSRegisterViewController.swift */,
				BC4AB6131DAF819600F10408 /* CSTableViewController.swift */,
				BC4AB6151DAF867A00F10408 /* CSMyVideoListViewController.swift */,
			);
			path = Controller;
			sourceTree = "<group>";
		};
		BCC98DAB1DAC794500523F55 /* Model */ = {
			isa = PBXGroup;
			children = (
				BC5FDABF1DAF3BFF0033CD83 /* CSUserModel.swift */,
				BC4AB6171DAF876800F10408 /* CSModel.swift */,
			);
			path = Model;
			sourceTree = "<group>";
		};
		BCC98DAC1DAC794500523F55 /* View */ = {
			isa = PBXGroup;
			children = (
				BC4AB6191DAF8A5B00F10408 /* CSMyVideoCell.swift */,
				BC4AB61A1DAF8A5B00F10408 /* CSMyVideoCell.xib */,
			);
			path = View;
			sourceTree = "<group>";
		};
/* End PBXGroup section */

/* Begin PBXNativeTarget section */
		BCC98D941DAC781B00523F55 /* CoadeShare */ = {
			isa = PBXNativeTarget;
			buildConfigurationList = BCC98DA71DAC781B00523F55 /* Build configuration list for PBXNativeTarget "CoadeShare" */;
			buildPhases = (
				698DF824124EF5754F6540AA /* [CP] Check Pods Manifest.lock */,
				BCC98D911DAC781B00523F55 /* Sources */,
				BCC98D921DAC781B00523F55 /* Frameworks */,
				BCC98D931DAC781B00523F55 /* Resources */,
				F400A8785B6E117C9D5235E0 /* [CP] Embed Pods Frameworks */,
				EC5D26FEAFDCF90083BF960B /* [CP] Copy Pods Resources */,
			);
			buildRules = (
			);
			dependencies = (
			);
			name = CoadeShare;
			productName = CoadeShare;
			productReference = BCC98D951DAC781B00523F55 /* CoadeShare.app */;
			productType = "com.apple.product-type.application";
		};
/* End PBXNativeTarget section */

/* Begin PBXProject section */
		BCC98D8D1DAC781B00523F55 /* Project object */ = {
			isa = PBXProject;
			attributes = {
				LastSwiftUpdateCheck = 0730;
				LastUpgradeCheck = 0730;
				ORGANIZATIONNAME = "千锋";
				TargetAttributes = {
					BCC98D941DAC781B00523F55 = {
						CreatedOnToolsVersion = 7.3;
					};
				};
			};
			buildConfigurationList = BCC98D901DAC781B00523F55 /* Build configuration list for PBXProject "CoadeShare" */;
			compatibilityVersion = "Xcode 3.2";
			developmentRegion = English;
			hasScannedForEncodings = 0;
			knownRegions = (
				en,
				Base,
			);
			mainGroup = BCC98D8C1DAC781B00523F55;
			productRefGroup = BCC98D961DAC781B00523F55 /* Products */;
			projectDirPath = "";
			projectRoot = "";
			targets = (
				BCC98D941DAC781B00523F55 /* CoadeShare */,
			);
		};
/* End PBXProject section */

/* Begin PBXResourcesBuildPhase section */
		BCC98D931DAC781B00523F55 /* Resources */ = {
			isa = PBXResourcesBuildPhase;
			buildActionMask = 2147483647;
			files = (
				BCC98DA31DAC781B00523F55 /* LaunchScreen.storyboard in Resources */,
				BC4AB61C1DAF8A5B00F10408 /* CSMyVideoCell.xib in Resources */,
				BCC98DA01DAC781B00523F55 /* Assets.xcassets in Resources */,
				BCC98D9E1DAC781B00523F55 /* Main.storyboard in Resources */,
			);
			runOnlyForDeploymentPostprocessing = 0;
		};
/* End PBXResourcesBuildPhase section */

/* Begin PBXShellScriptBuildPhase section */
		698DF824124EF5754F6540AA /* [CP] Check Pods Manifest.lock */ = {
			isa = PBXShellScriptBuildPhase;
			buildActionMask = 2147483647;
			files = (
			);
			inputPaths = (
			);
			name = "[CP] Check Pods Manifest.lock";
			outputPaths = (
			);
			runOnlyForDeploymentPostprocessing = 0;
			shellPath = /bin/sh;
			shellScript = "diff \"${PODS_ROOT}/../Podfile.lock\" \"${PODS_ROOT}/Manifest.lock\" > /dev/null\nif [[ $? != 0 ]] ; then\n    cat << EOM\nerror: The sandbox is not in sync with the Podfile.lock. Run 'pod install' or update your CocoaPods installation.\nEOM\n    exit 1\nfi\n";
			showEnvVarsInLog = 0;
		};
		EC5D26FEAFDCF90083BF960B /* [CP] Copy Pods Resources */ = {
			isa = PBXShellScriptBuildPhase;
			buildActionMask = 2147483647;
			files = (
			);
			inputPaths = (
			);
			name = "[CP] Copy Pods Resources";
			outputPaths = (
			);
			runOnlyForDeploymentPostprocessing = 0;
			shellPath = /bin/sh;
			shellScript = "\"${SRCROOT}/Pods/Target Support Files/Pods-CoadeShare/Pods-CoadeShare-resources.sh\"\n";
			showEnvVarsInLog = 0;
		};
		F400A8785B6E117C9D5235E0 /* [CP] Embed Pods Frameworks */ = {
			isa = PBXShellScriptBuildPhase;
			buildActionMask = 2147483647;
			files = (
			);
			inputPaths = (
			);
			name = "[CP] Embed Pods Frameworks";
			outputPaths = (
			);
			runOnlyForDeploymentPostprocessing = 0;
			shellPath = /bin/sh;
			shellScript = "\"${SRCROOT}/Pods/Target Support Files/Pods-CoadeShare/Pods-CoadeShare-frameworks.sh\"\n";
			showEnvVarsInLog = 0;
		};
/* End PBXShellScriptBuildPhase section */

/* Begin PBXSourcesBuildPhase section */
		BCC98D911DAC781B00523F55 /* Sources */ = {
			isa = PBXSourcesBuildPhase;
			buildActionMask = 2147483647;
			files = (
				BC5FDBC41DAF67540033CD83 /* CSHelp.swift in Sources */,
				BC4AB61B1DAF8A5B00F10408 /* CSMyVideoCell.swift in Sources */,
				BC5FDAB81DAF20370033CD83 /* CSNetHelp.swift in Sources */,
				BCC98DB01DAC828B00523F55 /* CSLoginViewController.swift in Sources */,
				BC4AB6181DAF876800F10408 /* CSModel.swift in Sources */,
				BC5FDAC01DAF3BFF0033CD83 /* CSUserModel.swift in Sources */,
				BCC98D9B1DAC781B00523F55 /* ViewController.swift in Sources */,
				BC4AB6141DAF819600F10408 /* CSTableViewController.swift in Sources */,
				BC4AB6161DAF867A00F10408 /* CSMyVideoListViewController.swift in Sources */,
				BCC98DAE1DAC79D500523F55 /* CSTabBarController.swift in Sources */,
				BCC98DB21DACBEDD00523F55 /* CSRegisterViewController.swift in Sources */,
				BC23518A1DADD10F0075AB2A /* CoadeShareInit.swift in Sources */,
				BCC98D991DAC781B00523F55 /* AppDelegate.swift in Sources */,
			);
			runOnlyForDeploymentPostprocessing = 0;
		};
/* End PBXSourcesBuildPhase section */

/* Begin PBXVariantGroup section */
		BCC98D9C1DAC781B00523F55 /* Main.storyboard */ = {
			isa = PBXVariantGroup;
			children = (
				BCC98D9D1DAC781B00523F55 /* Base */,
			);
			name = Main.storyboard;
			sourceTree = "<group>";
		};
		BCC98DA11DAC781B00523F55 /* LaunchScreen.storyboard */ = {
			isa = PBXVariantGroup;
			children = (
				BCC98DA21DAC781B00523F55 /* Base */,
			);
			name = LaunchScreen.storyboard;
			sourceTree = "<group>";
		};
/* End PBXVariantGroup section */

/* Begin XCBuildConfiguration section */
		BCC98DA51DAC781B00523F55 /* Debug */ = {
			isa = XCBuildConfiguration;
			buildSettings = {
				ALWAYS_SEARCH_USER_PATHS = NO;
				CLANG_ANALYZER_NONNULL = YES;
				CLANG_CXX_LANGUAGE_STANDARD = "gnu++0x";
				CLANG_CXX_LIBRARY = "libc++";
				CLANG_ENABLE_MODULES = YES;
				CLANG_ENABLE_OBJC_ARC = YES;
				CLANG_WARN_BOOL_CONVERSION = YES;
				CLANG_WARN_CONSTANT_CONVERSION = YES;
				CLANG_WARN_DIRECT_OBJC_ISA_USAGE = YES_ERROR;
				CLANG_WARN_EMPTY_BODY = YES;
				CLANG_WARN_ENUM_CONVERSION = YES;
				CLANG_WARN_INT_CONVERSION = YES;
				CLANG_WARN_OBJC_ROOT_CLASS = YES_ERROR;
				CLANG_WARN_UNREACHABLE_CODE = YES;
				CLANG_WARN__DUPLICATE_METHOD_MATCH = YES;
				"CODE_SIGN_IDENTITY[sdk=iphoneos*]" = "iPhone Developer";
				COPY_PHASE_STRIP = NO;
				DEBUG_INFORMATION_FORMAT = dwarf;
				ENABLE_STRICT_OBJC_MSGSEND = YES;
				ENABLE_TESTABILITY = YES;
				GCC_C_LANGUAGE_STANDARD = gnu99;
				GCC_DYNAMIC_NO_PIC = NO;
				GCC_NO_COMMON_BLOCKS = YES;
				GCC_OPTIMIZATION_LEVEL = 0;
				GCC_PREPROCESSOR_DEFINITIONS = (
					"DEBUG=1",
					"$(inherited)",
				);
				GCC_WARN_64_TO_32_BIT_CONVERSION = YES;
				GCC_WARN_ABOUT_RETURN_TYPE = YES_ERROR;
				GCC_WARN_UNDECLARED_SELECTOR = YES;
				GCC_WARN_UNINITIALIZED_AUTOS = YES_AGGRESSIVE;
				GCC_WARN_UNUSED_FUNCTION = YES;
				GCC_WARN_UNUSED_VARIABLE = YES;
				IPHONEOS_DEPLOYMENT_TARGET = 9.3;
				MTL_ENABLE_DEBUG_INFO = YES;
				ONLY_ACTIVE_ARCH = YES;
				SDKROOT = iphoneos;
				SWIFT_OPTIMIZATION_LEVEL = "-Onone";
				TARGETED_DEVICE_FAMILY = "1,2";
			};
			name = Debug;
		};
		BCC98DA61DAC781B00523F55 /* Release */ = {
			isa = XCBuildConfiguration;
			buildSettings = {
				ALWAYS_SEARCH_USER_PATHS = NO;
				CLANG_ANALYZER_NONNULL = YES;
				CLANG_CXX_LANGUAGE_STANDARD = "gnu++0x";
				CLANG_CXX_LIBRARY = "libc++";
				CLANG_ENABLE_MODULES = YES;
				CLANG_ENABLE_OBJC_ARC = YES;
				CLANG_WARN_BOOL_CONVERSION = YES;
				CLANG_WARN_CONSTANT_CONVERSION = YES;
				CLANG_WARN_DIRECT_OBJC_ISA_USAGE = YES_ERROR;
				CLANG_WARN_EMPTY_BODY = YES;
				CLANG_WARN_ENUM_CONVERSION = YES;
				CLANG_WARN_INT_CONVERSION = YES;
				CLANG_WARN_OBJC_ROOT_CLASS = YES_ERROR;
				CLANG_WARN_UNREACHABLE_CODE = YES;
				CLANG_WARN__DUPLICATE_METHOD_MATCH = YES;
				"CODE_SIGN_IDENTITY[sdk=iphoneos*]" = "iPhone Developer";
				COPY_PHASE_STRIP = NO;
				DEBUG_INFORMATION_FORMAT = "dwarf-with-dsym";
				ENABLE_NS_ASSERTIONS = NO;
				ENABLE_STRICT_OBJC_MSGSEND = YES;
				GCC_C_LANGUAGE_STANDARD = gnu99;
				GCC_NO_COMMON_BLOCKS = YES;
				GCC_WARN_64_TO_32_BIT_CONVERSION = YES;
				GCC_WARN_ABOUT_RETURN_TYPE = YES_ERROR;
				GCC_WARN_UNDECLARED_SELECTOR = YES;
				GCC_WARN_UNINITIALIZED_AUTOS = YES_AGGRESSIVE;
				GCC_WARN_UNUSED_FUNCTION = YES;
				GCC_WARN_UNUSED_VARIABLE = YES;
				IPHONEOS_DEPLOYMENT_TARGET = 9.3;
				MTL_ENABLE_DEBUG_INFO = NO;
				SDKROOT = iphoneos;
				TARGETED_DEVICE_FAMILY = "1,2";
				VALIDATE_PRODUCT = YES;
			};
			name = Release;
		};
		BCC98DA81DAC781B00523F55 /* Debug */ = {
			isa = XCBuildConfiguration;
			baseConfigurationReference = C851C1FA10EDDF93960EFCB0 /* Pods-CoadeShare.debug.xcconfig */;
			buildSettings = {
				ASSETCATALOG_COMPILER_APPICON_NAME = AppIcon;
				INFOPLIST_FILE = CoadeShare/Info.plist;
				LD_RUNPATH_SEARCH_PATHS = "$(inherited) @executable_path/Frameworks";
				PRODUCT_BUNDLE_IDENTIFIER = com.1000phone.CoadeShare;
				PRODUCT_NAME = "$(TARGET_NAME)";
				SWIFT_OBJC_BRIDGING_HEADER = "$(SRCROOT)/CoadeShareHeader.h";
				USER_HEADER_SEARCH_PATHS = "$(SRCROOT)/**";
			};
			name = Debug;
		};
		BCC98DA91DAC781B00523F55 /* Release */ = {
			isa = XCBuildConfiguration;
			baseConfigurationReference = 6CFCAC45B1027ECF3A7B8F11 /* Pods-CoadeShare.release.xcconfig */;
			buildSettings = {
				ASSETCATALOG_COMPILER_APPICON_NAME = AppIcon;
				INFOPLIST_FILE = CoadeShare/Info.plist;
				LD_RUNPATH_SEARCH_PATHS = "$(inherited) @executable_path/Frameworks";
				PRODUCT_BUNDLE_IDENTIFIER = com.1000phone.CoadeShare;
				PRODUCT_NAME = "$(TARGET_NAME)";
				SWIFT_OBJC_BRIDGING_HEADER = "$(SRCROOT)/CoadeShareHeader.h";
				USER_HEADER_SEARCH_PATHS = "$(SRCROOT)/**";
			};
			name = Release;
		};
/* End XCBuildConfiguration section */

/* Begin XCConfigurationList section */
		BCC98D901DAC781B00523F55 /* Build configuration list for PBXProject "CoadeShare" */ = {
			isa = XCConfigurationList;
			buildConfigurations = (
				BCC98DA51DAC781B00523F55 /* Debug */,
				BCC98DA61DAC781B00523F55 /* Release */,
			);
			defaultConfigurationIsVisible = 0;
			defaultConfigurationName = Release;
		};
		BCC98DA71DAC781B00523F55 /* Build configuration list for PBXNativeTarget "CoadeShare" */ = {
			isa = XCConfigurationList;
			buildConfigurations = (
				BCC98DA81DAC781B00523F55 /* Debug */,
				BCC98DA91DAC781B00523F55 /* Release */,
			);
			defaultConfigurationIsVisible = 0;
			defaultConfigurationName = Release;
		};
/* End XCConfigurationList section */
	};
	rootObject = BCC98D8D1DAC781B00523F55 /* Project object */;
}
